
Microsoft Visual Studio Solution File, Format Version 12.00
# Visual Studio Version 17
VisualStudioVersion = 17.0.31903.59
MinimumVisualStudioVersion = 10.0.40219.1
Project("{F2A71F9B-5D33-465A-A702-920D77279786}") = "Fun.Result", "Fun.Result\Fun.Result.fsproj", "{90192ECD-763D-4942-A19E-F67682EA89A9}"
EndProject
Project("{F2A71F9B-5D33-465A-A702-920D77279786}") = "Fun.Result.Tests", "Fun.Result.Tests\Fun.Result.Tests.fsproj", "{F8401200-EC1D-41DD-AC0D-A2B51E04373D}"
EndProject
Global
	GlobalSection(SolutionConfigurationPlatforms) = preSolution
		Debug|Any CPU = Debug|Any CPU
		Release|Any CPU = Release|Any CPU
	EndGlobalSection
	GlobalSection(SolutionProperties) = preSolution
		HideSolutionNode = FALSE
	EndGlobalSection
	GlobalSection(ProjectConfigurationPlatforms) = postSolution
		{90192ECD-763D-4942-A19E-F67682EA89A9}.Debug|Any CPU.ActiveCfg = Debug|Any CPU
		{90192ECD-763D-4942-A19E-F67682EA89A9}.Debug|Any CPU.Build.0 = Debug|Any CPU
		{90192ECD-763D-4942-A19E-F67682EA89A9}.Release|Any CPU.ActiveCfg = Release|Any CPU
		{90192ECD-763D-4942-A19E-F67682EA89A9}.Release|Any CPU.Build.0 = Release|Any CPU
		{F8401200-EC1D-41DD-AC0D-A2B51E04373D}.Debug|Any CPU.ActiveCfg = Debug|Any CPU
		{F8401200-EC1D-41DD-AC0D-A2B51E04373D}.Debug|Any CPU.Build.0 = Debug|Any CPU
		{F8401200-EC1D-41DD-AC0D-A2B51E04373D}.Release|Any CPU.ActiveCfg = Release|Any CPU
		{F8401200-EC1D-41DD-AC0D-A2B51E04373D}.Release|Any CPU.Build.0 = Release|Any CPU
	EndGlobalSection
EndGlobal
